
Microsoft Visual Studio Solution File, Format Version 9.00
# Visual Studio 2005
Project("{FAE04EC0-301F-11D3-BF4B-00C04F79EFBC}") = "Microsoft.Build.Framework", "Microsoft.Build.Framework\Microsoft.Build.Framework.csproj", "{D3A341EA-8592-4653-921D-05471DDC98AD}"
EndProject
Project("{FAE04EC0-301F-11D3-BF4B-00C04F79EFBC}") = "Microsoft.Build.Framework.Test", "Test\Microsoft.Build.Framework.Test\Microsoft.Build.Framework.Test.csproj", "{59BBCB69-B871-4ED4-96E8-E46D4402BEF0}"
EndProject
Project("{FAE04EC0-301F-11D3-BF4B-00C04F79EFBC}") = "Microsoft.Build.Engine.Test", "Test\Microsoft.Build.Engine.Test\Microsoft.Build.Engine.Test.csproj", "{414122C8-CBC2-43C4-A3B4-AACAB8E057A7}"
EndProject
Project("{FAE04EC0-301F-11D3-BF4B-00C04F79EFBC}") = "Microsoft.Build.Engine", "Microsoft.Build.Engine\Microsoft.Build.Engine.csproj", "{0E71BDBC-5C6C-431C-A34D-D4398C9C146E}"
EndProject
Global
	GlobalSection(SolutionConfigurationPlatforms) = preSolution
		Debug|Any CPU = Debug|Any CPU
		Release|Any CPU = Release|Any CPU
	EndGlobalSection
	GlobalSection(ProjectConfigurationPlatforms) = postSolution
		{D3A341EA-8592-4653-921D-05471DDC98AD}.Debug|Any CPU.ActiveCfg = Debug|Any CPU
		{D3A341EA-8592-4653-921D-05471DDC98AD}.Debug|Any CPU.Build.0 = Debug|Any CPU
		{D3A341EA-8592-4653-921D-05471DDC98AD}.Release|Any CPU.ActiveCfg = Release|Any CPU
		{D3A341EA-8592-4653-921D-05471DDC98AD}.Release|Any CPU.Build.0 = Release|Any CPU
		{59BBCB69-B871-4ED4-96E8-E46D4402BEF0}.Debug|Any CPU.ActiveCfg = Debug|Any CPU
		{59BBCB69-B871-4ED4-96E8-E46D4402BEF0}.Debug|Any CPU.Build.0 = Debug|Any CPU
		{59BBCB69-B871-4ED4-96E8-E46D4402BEF0}.Release|Any CPU.ActiveCfg = Release|Any CPU
		{59BBCB69-B871-4ED4-96E8-E46D4402BEF0}.Release|Any CPU.Build.0 = Release|Any CPU
		{414122C8-CBC2-43C4-A3B4-AACAB8E057A7}.Debug|Any CPU.ActiveCfg = Debug|Any CPU
		{414122C8-CBC2-43C4-A3B4-AACAB8E057A7}.Debug|Any CPU.Build.0 = Debug|Any CPU
		{414122C8-CBC2-43C4-A3B4-AACAB8E057A7}.Release|Any CPU.ActiveCfg = Release|Any CPU
		{414122C8-CBC2-43C4-A3B4-AACAB8E057A7}.Release|Any CPU.Build.0 = Release|Any CPU
		{0E71BDBC-5C6C-431C-A34D-D4398C9C146E}.Debug|Any CPU.ActiveCfg = Debug|Any CPU
		{0E71BDBC-5C6C-431C-A34D-D4398C9C146E}.Debug|Any CPU.Build.0 = Debug|Any CPU
		{0E71BDBC-5C6C-431C-A34D-D4398C9C146E}.Release|Any CPU.ActiveCfg = Release|Any CPU
		{0E71BDBC-5C6C-431C-A34D-D4398C9C146E}.Release|Any CPU.Build.0 = Release|Any CPU
	EndGlobalSection
	GlobalSection(SolutionProperties) = preSolution
		HideSolutionNode = FALSE
	EndGlobalSection
EndGlobal
